
Microsoft Visual Studio Solution File, Format Version 12.00
# Visual Studio 15
VisualStudioVersion = 15.0.28307.271
MinimumVisualStudioVersion = 10.0.40219.1
Project("{FAE04EC0-301F-11D3-BF4B-00C04F79EFBC}") = "Lottosorsolas", "Lottosorsolas\Lottosorsolas.csproj", "{1BFC09B8-698A-4D78-86AB-83C21F27738F}"
EndProject
Global
	GlobalSection(SolutionConfigurationPlatforms) = preSolution
		Debug|Any CPU = Debug|Any CPU
		Release|Any CPU = Release|Any CPU
	EndGlobalSection
	GlobalSection(ProjectConfigurationPlatforms) = postSolution
		{1BFC09B8-698A-4D78-86AB-83C21F27738F}.Debug|Any CPU.ActiveCfg = Debug|Any CPU
		{1BFC09B8-698A-4D78-86AB-83C21F27738F}.Debug|Any CPU.Build.0 = Debug|Any CPU
		{1BFC09B8-698A-4D78-86AB-83C21F27738F}.Release|Any CPU.ActiveCfg = Release|Any CPU
		{1BFC09B8-698A-4D78-86AB-83C21F27738F}.Release|Any CPU.Build.0 = Release|Any CPU
	EndGlobalSection
	GlobalSection(SolutionProperties) = preSolution
		HideSolutionNode = FALSE
	EndGlobalSection
	GlobalSection(ExtensibilityGlobals) = postSolution
		SolutionGuid = {BDEA4828-1EE3-47BE-8A97-B0C6E32AE2E1}
	EndGlobalSection
EndGlobal
